Microsoft Visual Studio Solution File, Format Version 12.00
# Visual Studio Version 16
VisualStudioVersion = 16.0.0.0
MinimumVisualStudioVersion = 16.0.0.0
Project("{FAE04EC0-301F-11D3-BF4B-00C04F79EFBC}") = "blazorserver", "blazorserver\blazorserver.csproj", "{F21099C9-3DEA-4F74-AF46-BD7672601E5F}"
EndProject
Project("{FAE04EC0-301F-11D3-BF4B-00C04F79EFBC}") = "DataLibrary", "DataLibrary\DataLibrary.csproj", "{120074B6-083F-49A7-9063-DAEE8BD84BBB}"
EndProject
Project("{FAE04EC0-301F-11D3-BF4B-00C04F79EFBC}") = "WebScraper", "WebScraper\WebScraper.csproj", "{AFAFBE15-4829-4F0F-9249-007C12421EDB}"
EndProject
Project("{FAE04EC0-301F-11D3-BF4B-00C04F79EFBC}") = "Database", "Database\Database.csproj", "{424DB876-4FC1-4FF8-8DA0-BF1C1205FD34}"
EndProject
Project("{FAE04EC0-301F-11D3-BF4B-00C04F79EFBC}") = "Tests", "Tests\Tests.csproj", "{83BA5760-254E-496F-974A-3D454069E8DF}"
EndProject
Global
	GlobalSection(SolutionConfigurationPlatforms) = preSolution
		Debug|Any CPU = Debug|Any CPU
		Debug|x64 = Debug|x64
		Debug|x86 = Debug|x86
		Release|Any CPU = Release|Any CPU
		Release|x64 = Release|x64
		Release|x86 = Release|x86
	EndGlobalSection
	GlobalSection(ProjectConfigurationPlatforms) = postSolution
		{C034DB3B-8690-4CF2-82F3-757EC3314134}.Debug|Any CPU.ActiveCfg = Debug|Any CPU
		{C034DB3B-8690-4CF2-82F3-757EC3314134}.Debug|Any CPU.Build.0 = Debug|Any CPU
		{C034DB3B-8690-4CF2-82F3-757EC3314134}.Debug|x64.ActiveCfg = Debug|Any CPU
		{C034DB3B-8690-4CF2-82F3-757EC3314134}.Debug|x64.Build.0 = Debug|Any CPU
		{C034DB3B-8690-4CF2-82F3-757EC3314134}.Debug|x86.ActiveCfg = Debug|Any CPU
		{C034DB3B-8690-4CF2-82F3-757EC3314134}.Debug|x86.Build.0 = Debug|Any CPU
		{C034DB3B-8690-4CF2-82F3-757EC3314134}.Release|Any CPU.ActiveCfg = Release|Any CPU
		{C034DB3B-8690-4CF2-82F3-757EC3314134}.Release|Any CPU.Build.0 = Release|Any CPU
		{C034DB3B-8690-4CF2-82F3-757EC3314134}.Release|x64.ActiveCfg = Release|Any CPU
		{C034DB3B-8690-4CF2-82F3-757EC3314134}.Release|x64.Build.0 = Release|Any CPU
		{C034DB3B-8690-4CF2-82F3-757EC3314134}.Release|x86.ActiveCfg = Release|Any CPU
		{C034DB3B-8690-4CF2-82F3-757EC3314134}.Release|x86.Build.0 = Release|Any CPU
		{F21099C9-3DEA-4F74-AF46-BD7672601E5F}.Debug|Any CPU.ActiveCfg = Debug|Any CPU
		{F21099C9-3DEA-4F74-AF46-BD7672601E5F}.Debug|Any CPU.Build.0 = Debug|Any CPU
		{F21099C9-3DEA-4F74-AF46-BD7672601E5F}.Debug|x64.ActiveCfg = Debug|Any CPU
		{F21099C9-3DEA-4F74-AF46-BD7672601E5F}.Debug|x64.Build.0 = Debug|Any CPU
		{F21099C9-3DEA-4F74-AF46-BD7672601E5F}.Debug|x86.ActiveCfg = Debug|Any CPU
		{F21099C9-3DEA-4F74-AF46-BD7672601E5F}.Debug|x86.Build.0 = Debug|Any CPU
		{F21099C9-3DEA-4F74-AF46-BD7672601E5F}.Release|Any CPU.ActiveCfg = Release|Any CPU
		{F21099C9-3DEA-4F74-AF46-BD7672601E5F}.Release|Any CPU.Build.0 = Release|Any CPU
		{F21099C9-3DEA-4F74-AF46-BD7672601E5F}.Release|x64.ActiveCfg = Release|Any CPU
		{F21099C9-3DEA-4F74-AF46-BD7672601E5F}.Release|x64.Build.0 = Release|Any CPU
		{F21099C9-3DEA-4F74-AF46-BD7672601E5F}.Release|x86.ActiveCfg = Release|Any CPU
		{F21099C9-3DEA-4F74-AF46-BD7672601E5F}.Release|x86.Build.0 = Release|Any CPU
		{120074B6-083F-49A7-9063-DAEE8BD84BBB}.Debug|Any CPU.ActiveCfg = Debug|Any CPU
		{120074B6-083F-49A7-9063-DAEE8BD84BBB}.Debug|Any CPU.Build.0 = Debug|Any CPU
		{120074B6-083F-49A7-9063-DAEE8BD84BBB}.Debug|x64.ActiveCfg = Debug|Any CPU
		{120074B6-083F-49A7-9063-DAEE8BD84BBB}.Debug|x64.Build.0 = Debug|Any CPU
		{120074B6-083F-49A7-9063-DAEE8BD84BBB}.Debug|x86.ActiveCfg = Debug|Any CPU
		{120074B6-083F-49A7-9063-DAEE8BD84BBB}.Debug|x86.Build.0 = Debug|Any CPU
		{120074B6-083F-49A7-9063-DAEE8BD84BBB}.Release|Any CPU.ActiveCfg = Release|Any CPU
		{120074B6-083F-49A7-9063-DAEE8BD84BBB}.Release|Any CPU.Build.0 = Release|Any CPU
		{120074B6-083F-49A7-9063-DAEE8BD84BBB}.Release|x64.ActiveCfg = Release|Any CPU
		{120074B6-083F-49A7-9063-DAEE8BD84BBB}.Release|x64.Build.0 = Release|Any CPU
		{120074B6-083F-49A7-9063-DAEE8BD84BBB}.Release|x86.ActiveCfg = Release|Any CPU
		{120074B6-083F-49A7-9063-DAEE8BD84BBB}.Release|x86.Build.0 = Release|Any CPU
		{AFAFBE15-4829-4F0F-9249-007C12421EDB}.Debug|Any CPU.ActiveCfg = Debug|Any CPU
		{AFAFBE15-4829-4F0F-9249-007C12421EDB}.Debug|Any CPU.Build.0 = Debug|Any CPU
		{AFAFBE15-4829-4F0F-9249-007C12421EDB}.Debug|x64.ActiveCfg = Debug|Any CPU
		{AFAFBE15-4829-4F0F-9249-007C12421EDB}.Debug|x64.Build.0 = Debug|Any CPU
		{AFAFBE15-4829-4F0F-9249-007C12421EDB}.Debug|x86.ActiveCfg = Debug|Any CPU
		{AFAFBE15-4829-4F0F-9249-007C12421EDB}.Debug|x86.Build.0 = Debug|Any CPU
		{AFAFBE15-4829-4F0F-9249-007C12421EDB}.Release|Any CPU.ActiveCfg = Release|Any CPU
		{AFAFBE15-4829-4F0F-9249-007C12421EDB}.Release|Any CPU.Build.0 = Release|Any CPU
		{AFAFBE15-4829-4F0F-9249-007C12421EDB}.Release|x64.ActiveCfg = Release|Any CPU
		{AFAFBE15-4829-4F0F-9249-007C12421EDB}.Release|x64.Build.0 = Release|Any CPU
		{AFAFBE15-4829-4F0F-9249-007C12421EDB}.Release|x86.ActiveCfg = Release|Any CPU
		{AFAFBE15-4829-4F0F-9249-007C12421EDB}.Release|x86.Build.0 = Release|Any CPU
		{424DB876-4FC1-4FF8-8DA0-BF1C1205FD34}.Debug|Any CPU.ActiveCfg = Debug|Any CPU
		{424DB876-4FC1-4FF8-8DA0-BF1C1205FD34}.Debug|Any CPU.Build.0 = Debug|Any CPU
		{424DB876-4FC1-4FF8-8DA0-BF1C1205FD34}.Debug|x64.ActiveCfg = Debug|Any CPU
		{424DB876-4FC1-4FF8-8DA0-BF1C1205FD34}.Debug|x64.Build.0 = Debug|Any CPU
		{424DB876-4FC1-4FF8-8DA0-BF1C1205FD34}.Debug|x86.ActiveCfg = Debug|Any CPU
		{424DB876-4FC1-4FF8-8DA0-BF1C1205FD34}.Debug|x86.Build.0 = Debug|Any CPU
		{424DB876-4FC1-4FF8-8DA0-BF1C1205FD34}.Release|Any CPU.ActiveCfg = Release|Any CPU
		{424DB876-4FC1-4FF8-8DA0-BF1C1205FD34}.Release|Any CPU.Build.0 = Release|Any CPU
		{424DB876-4FC1-4FF8-8DA0-BF1C1205FD34}.Release|x64.ActiveCfg = Release|Any CPU
		{424DB876-4FC1-4FF8-8DA0-BF1C1205FD34}.Release|x64.Build.0 = Release|Any CPU
		{424DB876-4FC1-4FF8-8DA0-BF1C1205FD34}.Release|x86.ActiveCfg = Release|Any CPU
		{424DB876-4FC1-4FF8-8DA0-BF1C1205FD34}.Release|x86.Build.0 = Release|Any CPU
		{83BA5760-254E-496F-974A-3D454069E8DF}.Debug|Any CPU.ActiveCfg = Debug|Any CPU
		{83BA5760-254E-496F-974A-3D454069E8DF}.Debug|Any CPU.Build.0 = Debug|Any CPU
		{83BA5760-254E-496F-974A-3D454069E8DF}.Debug|x64.ActiveCfg = Debug|Any CPU
		{83BA5760-254E-496F-974A-3D454069E8DF}.Debug|x64.Build.0 = Debug|Any CPU
		{83BA5760-254E-496F-974A-3D454069E8DF}.Debug|x86.ActiveCfg = Debug|Any CPU
		{83BA5760-254E-496F-974A-3D454069E8DF}.Debug|x86.Build.0 = Debug|Any CPU
		{83BA5760-254E-496F-974A-3D454069E8DF}.Release|Any CPU.ActiveCfg = Release|Any CPU
		{83BA5760-254E-496F-974A-3D454069E8DF}.Release|Any CPU.Build.0 = Release|Any CPU
		{83BA5760-254E-496F-974A-3D454069E8DF}.Release|x64.ActiveCfg = Release|Any CPU
		{83BA5760-254E-496F-974A-3D454069E8DF}.Release|x64.Build.0 = Release|Any CPU
		{83BA5760-254E-496F-974A-3D454069E8DF}.Release|x86.ActiveCfg = Release|Any CPU
		{83BA5760-254E-496F-974A-3D454069E8DF}.Release|x86.Build.0 = Release|Any CPU
	EndGlobalSection
	GlobalSection(SolutionProperties) = preSolution
		HideSolutionNode = FALSE
	EndGlobalSection
	GlobalSection(ExtensibilityGlobals) = postSolution
		SolutionGuid = {FD725DAC-210C-4664-8077-F9FAFEE8D340}
	EndGlobalSection
EndGlobal
